
Microsoft Visual Studio Solution File, Format Version 12.00
# Visual Studio Version 16
VisualStudioVersion = 16.0.32126.315
MinimumVisualStudioVersion = 10.0.40219.1
Project("{FAE04EC0-301F-11D3-BF4B-00C04F79EFBC}") = "Fitness", "Fitness\Fitness.csproj", "{9BB84581-E678-4CC1-A1BA-0AF210B04122}"
EndProject
Global
	GlobalSection(SolutionConfigurationPlatforms) = preSolution
		Debug|Any CPU = Debug|Any CPU
		Release|Any CPU = Release|Any CPU
	EndGlobalSection
	GlobalSection(ProjectConfigurationPlatforms) = postSolution
		{9BB84581-E678-4CC1-A1BA-0AF210B04122}.Debug|Any CPU.ActiveCfg = Debug|Any CPU
		{9BB84581-E678-4CC1-A1BA-0AF210B04122}.Debug|Any CPU.Build.0 = Debug|Any CPU
		{9BB84581-E678-4CC1-A1BA-0AF210B04122}.Release|Any CPU.ActiveCfg = Release|Any CPU
		{9BB84581-E678-4CC1-A1BA-0AF210B04122}.Release|Any CPU.Build.0 = Release|Any CPU
	EndGlobalSection
	GlobalSection(SolutionProperties) = preSolution
		HideSolutionNode = FALSE
	EndGlobalSection
	GlobalSection(ExtensibilityGlobals) = postSolution
		SolutionGuid = {4852E420-ECA3-4087-812D-553C4B60D3F4}
	EndGlobalSection
EndGlobal
